// !$*UTF8*$!
{
	archiveVersion = 1;
	classes = {
	};
	objectVersion = 77;
	objects = {

/* Begin PBXBuildFile section */
		BLOCKEDUSERSVWBUILD1234 /* BlockedUsersView.swift in Sources */ = {isa = PBXBuildFile; fileRef = BLOCKEDUSERSVW123456789 /* BlockedUsersView.swift */; };
		0158C94E7BA46528B0F6FD9C /* ChatsViewModel.swift in Sources */ = {isa = PBXBuildFile; fileRef = DF813C2E1D93FF6B34CF603F /* ChatsViewModel.swift */; };
		02BF112A3DA063972D6774F5 /* CreateAccountView.swift in Sources */ = {isa = PBXBuildFile; fileRef = F5D60A4E6445EC48C5FB287D /* CreateAccountView.swift */; };
		030855EDED5F6AD80E41DAAF /* ChatView.swift in Sources */ = {isa = PBXBuildFile; fileRef = 8EC6D3CDD8D494434163F367 /* ChatView.swift */; };
		0430A7BC88DCC0D9E8D6E06D /* MessageRequestsView.swift in Sources */ = {isa = PBXBuildFile; fileRef = 4BD2DE13ABE5949A07D2857B /* MessageRequestsView.swift */; };
		08A2843857EAEA6C6F1F24DF /* GroupListView.swift in Sources */ = {isa = PBXBuildFile; fileRef = AB09CA68D33A6B1E9C0B824B /* GroupListView.swift */; };
		0C70733F914D33353268026E /* GroupService.swift in Sources */ = {isa = PBXBuildFile; fileRef = 592A6478AACDE5B6048459F1 /* GroupService.swift */; };
		1169E92A077607BC21FCCB3A /* WebSocketService.swift in Sources */ = {isa = PBXBuildFile; fileRef = F65C4FD538665068C7537900 /* WebSocketService.swift */; };
		119B568B4473ED2FA72DE240 /* AttachmentService.swift in Sources */ = {isa = PBXBuildFile; fileRef = A780635AD5C6CA3786637510 /* AttachmentService.swift */; };
		12F39A20EA3764CA6CE030BA /* SeedPhraseView.swift in Sources */ = {isa = PBXBuildFile; fileRef = 7295A933E7E5494F1B50DE0A /* SeedPhraseView.swift */; };
		161C482C22513C7D9B82E015 /* ContentView.swift in Sources */ = {isa = PBXBuildFile; fileRef = 2C17E44DB802D2B5FB585B61 /* ContentView.swift */; };
		172457ADBA8BB9E7A938BEA3 /* Whisper2App.swift in Sources */ = {isa = PBXBuildFile; fileRef = C4F2608408CA5CE0D680F371 /* Whisper2App.swift */; };
		19BD7B24ECC8E3B070707906 /* AudioMessageService.swift in Sources */ = {isa = PBXBuildFile; fileRef = 807A87F87EBAFFC25FBB25AB /* AudioMessageService.swift */; };
		260B43A96A90D5F57E88E04C /* LocationService.swift in Sources */ = {isa = PBXBuildFile; fileRef = AAE3DC744882E5F3C0315653 /* LocationService.swift */; };
		261A6AD70CDFD827DE8E652A /* Conversation.swift in Sources */ = {isa = PBXBuildFile; fileRef = 45366876C1ED1ADC483BBFB0 /* Conversation.swift */; };
		27B7DC335E8E6E2F1961D4F7 /* AuthViewModel.swift in Sources */ = {isa = PBXBuildFile; fileRef = 3AE282D3AB36F3165A685729 /* AuthViewModel.swift */; };
		2A4306E00695713027EC9A20 /* CryptoService.swift in Sources */ = {isa = PBXBuildFile; fileRef = F72812296906C23775F15335 /* CryptoService.swift */; };
		2FBE2C3399BC8A408F7A5CB1 /* MessageRequest.swift in Sources */ = {isa = PBXBuildFile; fileRef = 1C6B39CBF6BBC62D35112D7E /* MessageRequest.swift */; };
		3118C350201E9EF9FF13AF74 /* ContactsService.swift in Sources */ = {isa = PBXBuildFile; fileRef = 2958CE1BA04B7BED31E6BD54 /* ContactsService.swift */; };
		34CB94BD6FAF134A38BF28F4 /* AddContactView.swift in Sources */ = {isa = PBXBuildFile; fileRef = 1B947D2B38A69A845434C32C /* AddContactView.swift */; };
		3765942B26DEB637DCA94ECE /* OutgoingCallView.swift in Sources */ = {isa = PBXBuildFile; fileRef = 7E3374156DB9B27B4FBD34D9 /* OutgoingCallView.swift */; };
		F9D9AA921B3346ADB9E6D417 /* VideoCallView.swift in Sources */ = {isa = PBXBuildFile; fileRef = D13AC206B5444E7B9CF5FE5D /* VideoCallView.swift */; };
		8A9B0C1D2E3F4567890ACALL /* AudioCallView.swift in Sources */ = {isa = PBXBuildFile; fileRef = 9B0C1D2E3F4567890AUDIOVIEW /* AudioCallView.swift */; };
		3AC631943C6826791FDB93BB /* KeyDerivation.swift in Sources */ = {isa = PBXBuildFile; fileRef = 4A8308EA090F09230C1D4CB5 /* KeyDerivation.swift */; };
		3C4022F729B77961A73399A5 /* Constants.swift in Sources */ = {isa = PBXBuildFile; fileRef = 9C652DDDA3A343C9A3387381 /* Constants.swift */; };
		42CDEF29F3AAA1171AD31362 /* Message.swift in Sources */ = {isa = PBXBuildFile; fileRef = 46AF5BB628E816B22E1C03F0 /* Message.swift */; };
		42F313C7F90F195B868320B9 /* ContactProfileView.swift in Sources */ = {isa = PBXBuildFile; fileRef = 913628273C6F97712E4D4A16 /* ContactProfileView.swift */; };
		CHATTHEMEBUILD12345678 /* ChatTheme.swift in Sources */ = {isa = PBXBuildFile; fileRef = CHATTHEME12345678901234 /* ChatTheme.swift */; };
		CHATTHEMEPICKERBUILD123 /* ChatThemePickerView.swift in Sources */ = {isa = PBXBuildFile; fileRef = CHATTHEMEPICKER123456789 /* ChatThemePickerView.swift */; };
		4345CA95B1C07469D92B6F41 /* AuthService.swift in Sources */ = {isa = PBXBuildFile; fileRef = 8E726641F6F72BE366C875C5 /* AuthService.swift */; };
		46C5F642B6FF36F42673C036 /* GroupChatView.swift in Sources */ = {isa = PBXBuildFile; fileRef = 15877D6FA5F146D8A29E2102 /* GroupChatView.swift */; };
		46F27140A4B59906816440AA /* Contact.swift in Sources */ = {isa = PBXBuildFile; fileRef = 1C043E02CB8D20206D40CD67 /* Contact.swift */; };
		4DC896EAF55B731AC7AD0594 /* SettingsViewModel.swift in Sources */ = {isa = PBXBuildFile; fileRef = 523BDE39599BEE44A3A1818C /* SettingsViewModel.swift */; };
		5557776237BEED2299E38455 /* Group.swift in Sources */ = {isa = PBXBuildFile; fileRef = B595D834E8FF0A68FABF1BB0 /* Group.swift */; };
		60935D1A40FA6C8107053C4C /* MessagingService.swift in Sources */ = {isa = PBXBuildFile; fileRef = 8AD2F50A4E7C8E4ED9D66E9D /* MessagingService.swift */; };
		AVATARSERVICEBUILD123456 /* AvatarService.swift in Sources */ = {isa = PBXBuildFile; fileRef = AVATARSERVICEREF1234567 /* AvatarService.swift */; };
		640C434ABE9683DA26E2EF39 /* PushNotificationService.swift in Sources */ = {isa = PBXBuildFile; fileRef = 1A44EFB5660D08CD9701DFB1 /* PushNotificationService.swift */; };
		6749A5CBEB7764862F9556B8 /* Errors.swift in Sources */ = {isa = PBXBuildFile; fileRef = 91CFF53EE68F243CCBA718EA /* Errors.swift */; };
		6AFD259DEF1E32D390D1D5E2 /* BIP39WordList.swift in Sources */ = {isa = PBXBuildFile; fileRef = 671F437DD0162C14B3CC028F /* BIP39WordList.swift */; };
		6FD2886C042A269E7AFB9A5D /* RingbackTonePlayer.swift in Sources */ = {isa = PBXBuildFile; fileRef = 51F7A110626980AEE8B54904 /* RingbackTonePlayer.swift */; };
		754660E3B2779C64619D3749 /* Pods_Whisper2.framework in Frameworks */ = {isa = PBXBuildFile; fileRef = 7D1465C1A1F4CF63BA26F550 /* Pods_Whisper2.framework */; };
		77B519E095378257666D8841 /* AttachmentView.swift in Sources */ = {isa = PBXBuildFile; fileRef = 68D37B780FC446CF8D51C0E9 /* AttachmentView.swift */; };
		788FCA92D5AB5D43C0F0D4A6 /* ContactsViewModel.swift in Sources */ = {isa = PBXBuildFile; fileRef = 1D859D2B487F01661B47B810 /* ContactsViewModel.swift */; };
		79628769133A548DB0D8075F /* AudioMessageView.swift in Sources */ = {isa = PBXBuildFile; fileRef = 0C9C79B5DDBC8DD49F0E3EE0 /* AudioMessageView.swift */; };
		7BE8D74ECE2D1B14F25EF712 /* SettingsView.swift in Sources */ = {isa = PBXBuildFile; fileRef = 68424DE7EBED910C2747F82E /* SettingsView.swift */; };
		81F0D4582FE5EBA546CB8D2B /* CallHistory.swift in Sources */ = {isa = PBXBuildFile; fileRef = 7B1E7A52019BE1DA7EFA8A61 /* CallHistory.swift */; };
		8240398B67C10FE316B3B4A6 /* MainTabView.swift in Sources */ = {isa = PBXBuildFile; fileRef = 0F19984AE23212340B9D8752 /* MainTabView.swift */; };
		8631D020691DBDECD5C4A65F /* ChatsListView.swift in Sources */ = {isa = PBXBuildFile; fileRef = 835FFCAC544DA1C9FBF0223F /* ChatsListView.swift */; };
		863388D70625559D88C11A84 /* ContactRow.swift in Sources */ = {isa = PBXBuildFile; fileRef = 309ED0240A34B7F30F68BFDA /* ContactRow.swift */; };
		88D614AEB84C7CA199CB1F9F /* MessageTypes.swift in Sources */ = {isa = PBXBuildFile; fileRef = 118EC344D102A573BA00A21C /* MessageTypes.swift */; };
		8CFE07FE84B42EBEC841E2E9 /* ProtocolTypes.swift in Sources */ = {isa = PBXBuildFile; fileRef = 55BBF28F6D79C89D3C2A321E /* ProtocolTypes.swift */; };
		8EBFBB029F21535B56FD45F2 /* RecoverAccountView.swift in Sources */ = {isa = PBXBuildFile; fileRef = E95E1C39B13171E163169C3C /* RecoverAccountView.swift */; };
		9283A42EA9FB175FEACEF660 /* Extensions.swift in Sources */ = {isa = PBXBuildFile; fileRef = CE558ACA8199722ACC52FD37 /* Extensions.swift */; };
		93C75FCAACD07EA3DBA8B5D6 /* ContactsListView.swift in Sources */ = {isa = PBXBuildFile; fileRef = 78DC4915E0A686295312943B /* ContactsListView.swift */; };
		9406BC31213B2BC3700AA64A /* ProfileView.swift in Sources */ = {isa = PBXBuildFile; fileRef = DE9C1A0A473F72EDA0A95262 /* ProfileView.swift */; };
		9A6E047AA55C138DEB9241E2 /* User.swift in Sources */ = {isa = PBXBuildFile; fileRef = 95F395710803E4D290B1B443 /* User.swift */; };
		AA12E4584C09316B29EDE099 /* Assets.xcassets in Resources */ = {isa = PBXBuildFile; fileRef = DD6B8F43E770C99662762710 /* Assets.xcassets */; };
		ABDC4ED6D37C6958F71BE241 /* MessageBubble.swift in Sources */ = {isa = PBXBuildFile; fileRef = C5DC3759496B09ED1EC1B883 /* MessageBubble.swift */; };
		AEB9DA6B6EE6DC2220BFF181 /* LocationView.swift in Sources */ = {isa = PBXBuildFile; fileRef = 0DA740433B1688D91B8F0201 /* LocationView.swift */; };
		B0194F678B324C1411633FAB /* MessageInputBar.swift in Sources */ = {isa = PBXBuildFile; fileRef = 3756A19C09A240E0202DE8A4 /* MessageInputBar.swift */; };
		BAEA24B952380CEE05533FA9 /* ChatRow.swift in Sources */ = {isa = PBXBuildFile; fileRef = 14711286FDD8D1EF872492D9 /* ChatRow.swift */; };
		C9CF818757DA2420DCD2B1B1 /* KeychainService.swift in Sources */ = {isa = PBXBuildFile; fileRef = 4F237BB66ABF70052E01BF04 /* KeychainService.swift */; };
		CFB2D31596A9D4B374D87037 /* ChatViewModel.swift in Sources */ = {isa = PBXBuildFile; fileRef = E5A1E1F9E116977A40C50ACD /* ChatViewModel.swift */; };
		D1EFCBE6F6CC212F7E58CB41 /* CallKitManager.swift in Sources */ = {isa = PBXBuildFile; fileRef = B29579D72B309997045683E5 /* CallKitManager.swift */; };
		DEC819E42D61D05A6CDE4B4E /* AppCoordinator.swift in Sources */ = {isa = PBXBuildFile; fileRef = E32006E53B81148892476750 /* AppCoordinator.swift */; };
		EB4391007218AB1BA066C044 /* WelcomeView.swift in Sources */ = {isa = PBXBuildFile; fileRef = 366F57F5E618B73A8DDF8416 /* WelcomeView.swift */; };
		F3D9A514EE4F283030FA38D4 /* CallService.swift in Sources */ = {isa = PBXBuildFile; fileRef = 7975B76D3788564E0E3976FA /* CallService.swift */; };
		FAB279A57A07EFB3F9FCD08B /* WsFrame.swift in Sources */ = {isa = PBXBuildFile; fileRef = 3FEE6B01AB5FDC3E3F51533A /* WsFrame.swift */; };
/* End PBXBuildFile section */

/* Begin PBXFileReference section */
		BLOCKEDUSERSVW123456789 /* BlockedUsersView.swift */ = {isa = PBXFileReference; lastKnownFileType = sourcecode.swift; path = BlockedUsersView.swift; sourceTree = "<group>"; };
		0C9C79B5DDBC8DD49F0E3EE0 /* AudioMessageView.swift */ = {isa = PBXFileReference; lastKnownFileType = sourcecode.swift; path = AudioMessageView.swift; sourceTree = "<group>"; };
		0DA740433B1688D91B8F0201 /* LocationView.swift */ = {isa = PBXFileReference; lastKnownFileType = sourcecode.swift; path = LocationView.swift; sourceTree = "<group>"; };
		0F19984AE23212340B9D8752 /* MainTabView.swift */ = {isa = PBXFileReference; lastKnownFileType = sourcecode.swift; path = MainTabView.swift; sourceTree = "<group>"; };
		118EC344D102A573BA00A21C /* MessageTypes.swift */ = {isa = PBXFileReference; lastKnownFileType = sourcecode.swift; path = MessageTypes.swift; sourceTree = "<group>"; };
		14711286FDD8D1EF872492D9 /* ChatRow.swift */ = {isa = PBXFileReference; lastKnownFileType = sourcecode.swift; path = ChatRow.swift; sourceTree = "<group>"; };
		15877D6FA5F146D8A29E2102 /* GroupChatView.swift */ = {isa = PBXFileReference; lastKnownFileType = sourcecode.swift; path = GroupChatView.swift; sourceTree = "<group>"; };
		1A44EFB5660D08CD9701DFB1 /* PushNotificationService.swift */ = {isa = PBXFileReference; lastKnownFileType = sourcecode.swift; path = PushNotificationService.swift; sourceTree = "<group>"; };
		1B947D2B38A69A845434C32C /* AddContactView.swift */ = {isa = PBXFileReference; lastKnownFileType = sourcecode.swift; path = AddContactView.swift; sourceTree = "<group>"; };
		1C043E02CB8D20206D40CD67 /* Contact.swift */ = {isa = PBXFileReference; lastKnownFileType = sourcecode.swift; path = Contact.swift; sourceTree = "<group>"; };
		1C6B39CBF6BBC62D35112D7E /* MessageRequest.swift */ = {isa = PBXFileReference; lastKnownFileType = sourcecode.swift; path = MessageRequest.swift; sourceTree = "<group>"; };
		1D859D2B487F01661B47B810 /* ContactsViewModel.swift */ = {isa = PBXFileReference; lastKnownFileType = sourcecode.swift; path = ContactsViewModel.swift; sourceTree = "<group>"; };
		2958CE1BA04B7BED31E6BD54 /* ContactsService.swift */ = {isa = PBXFileReference; lastKnownFileType = sourcecode.swift; path = ContactsService.swift; sourceTree = "<group>"; };
		2C17E44DB802D2B5FB585B61 /* ContentView.swift */ = {isa = PBXFileReference; lastKnownFileType = sourcecode.swift; path = ContentView.swift; sourceTree = "<group>"; };
		309ED0240A34B7F30F68BFDA /* ContactRow.swift */ = {isa = PBXFileReference; lastKnownFileType = sourcecode.swift; path = ContactRow.swift; sourceTree = "<group>"; };
		366F57F5E618B73A8DDF8416 /* WelcomeView.swift */ = {isa = PBXFileReference; lastKnownFileType = sourcecode.swift; path = WelcomeView.swift; sourceTree = "<group>"; };
		3756A19C09A240E0202DE8A4 /* MessageInputBar.swift */ = {isa = PBXFileReference; lastKnownFileType = sourcecode.swift; path = MessageInputBar.swift; sourceTree = "<group>"; };
		3AE282D3AB36F3165A685729 /* AuthViewModel.swift */ = {isa = PBXFileReference; lastKnownFileType = sourcecode.swift; path = AuthViewModel.swift; sourceTree = "<group>"; };
		3FEE6B01AB5FDC3E3F51533A /* WsFrame.swift */ = {isa = PBXFileReference; lastKnownFileType = sourcecode.swift; path = WsFrame.swift; sourceTree = "<group>"; };
		45366876C1ED1ADC483BBFB0 /* Conversation.swift */ = {isa = PBXFileReference; lastKnownFileType = sourcecode.swift; path = Conversation.swift; sourceTree = "<group>"; };
		46AF5BB628E816B22E1C03F0 /* Message.swift */ = {isa = PBXFileReference; lastKnownFileType = sourcecode.swift; path = Message.swift; sourceTree = "<group>"; };
		47F6B0C82EB01A062AA59E23 /* Whisper2.app */ = {isa = PBXFileReference; includeInIndex = 0; lastKnownFileType = wrapper.application; path = Whisper2.app; sourceTree = BUILT_PRODUCTS_DIR; };
		4A8308EA090F09230C1D4CB5 /* KeyDerivation.swift */ = {isa = PBXFileReference; lastKnownFileType = sourcecode.swift; path = KeyDerivation.swift; sourceTree = "<group>"; };
		4BD2DE13ABE5949A07D2857B /* MessageRequestsView.swift */ = {isa = PBXFileReference; lastKnownFileType = sourcecode.swift; path = MessageRequestsView.swift; sourceTree = "<group>"; };
		4F237BB66ABF70052E01BF04 /* KeychainService.swift */ = {isa = PBXFileReference; lastKnownFileType = sourcecode.swift; path = KeychainService.swift; sourceTree = "<group>"; };
		51F7A110626980AEE8B54904 /* RingbackTonePlayer.swift */ = {isa = PBXFileReference; lastKnownFileType = sourcecode.swift; path = RingbackTonePlayer.swift; sourceTree = "<group>"; };
		523BDE39599BEE44A3A1818C /* SettingsViewModel.swift */ = {isa = PBXFileReference; lastKnownFileType = sourcecode.swift; path = SettingsViewModel.swift; sourceTree = "<group>"; };
		55BBF28F6D79C89D3C2A321E /* ProtocolTypes.swift */ = {isa = PBXFileReference; lastKnownFileType = sourcecode.swift; path = ProtocolTypes.swift; sourceTree = "<group>"; };
		592A6478AACDE5B6048459F1 /* GroupService.swift */ = {isa = PBXFileReference; lastKnownFileType = sourcecode.swift; path = GroupService.swift; sourceTree = "<group>"; };
		671F437DD0162C14B3CC028F /* BIP39WordList.swift */ = {isa = PBXFileReference; lastKnownFileType = sourcecode.swift; path = BIP39WordList.swift; sourceTree = "<group>"; };
		68424DE7EBED910C2747F82E /* SettingsView.swift */ = {isa = PBXFileReference; lastKnownFileType = sourcecode.swift; path = SettingsView.swift; sourceTree = "<group>"; };
		68D37B780FC446CF8D51C0E9 /* AttachmentView.swift */ = {isa = PBXFileReference; lastKnownFileType = sourcecode.swift; path = AttachmentView.swift; sourceTree = "<group>"; };
		7295A933E7E5494F1B50DE0A /* SeedPhraseView.swift */ = {isa = PBXFileReference; lastKnownFileType = sourcecode.swift; path = SeedPhraseView.swift; sourceTree = "<group>"; };
		78DC4915E0A686295312943B /* ContactsListView.swift */ = {isa = PBXFileReference; lastKnownFileType = sourcecode.swift; path = ContactsListView.swift; sourceTree = "<group>"; };
		7975B76D3788564E0E3976FA /* CallService.swift */ = {isa = PBXFileReference; lastKnownFileType = sourcecode.swift; path = CallService.swift; sourceTree = "<group>"; };
		7B1E7A52019BE1DA7EFA8A61 /* CallHistory.swift */ = {isa = PBXFileReference; lastKnownFileType = sourcecode.swift; path = CallHistory.swift; sourceTree = "<group>"; };
		7D1465C1A1F4CF63BA26F550 /* Pods_Whisper2.framework */ = {isa = PBXFileReference; explicitFileType = wrapper.framework; includeInIndex = 0; path = Pods_Whisper2.framework; sourceTree = BUILT_PRODUCTS_DIR; };
		7E3374156DB9B27B4FBD34D9 /* OutgoingCallView.swift */ = {isa = PBXFileReference; lastKnownFileType = sourcecode.swift; path = OutgoingCallView.swift; sourceTree = "<group>"; };
		D13AC206B5444E7B9CF5FE5D /* VideoCallView.swift */ = {isa = PBXFileReference; lastKnownFileType = sourcecode.swift; path = VideoCallView.swift; sourceTree = "<group>"; };
		9B0C1D2E3F4567890AUDIOVIEW /* AudioCallView.swift */ = {isa = PBXFileReference; lastKnownFileType = sourcecode.swift; path = AudioCallView.swift; sourceTree = "<group>"; };
		807A87F87EBAFFC25FBB25AB /* AudioMessageService.swift */ = {isa = PBXFileReference; lastKnownFileType = sourcecode.swift; path = AudioMessageService.swift; sourceTree = "<group>"; };
		835FFCAC544DA1C9FBF0223F /* ChatsListView.swift */ = {isa = PBXFileReference; lastKnownFileType = sourcecode.swift; path = ChatsListView.swift; sourceTree = "<group>"; };
		8AD2F50A4E7C8E4ED9D66E9D /* MessagingService.swift */ = {isa = PBXFileReference; lastKnownFileType = sourcecode.swift; path = MessagingService.swift; sourceTree = "<group>"; };
		AVATARSERVICEREF1234567 /* AvatarService.swift */ = {isa = PBXFileReference; lastKnownFileType = sourcecode.swift; path = AvatarService.swift; sourceTree = "<group>"; };
		8E726641F6F72BE366C875C5 /* AuthService.swift */ = {isa = PBXFileReference; lastKnownFileType = sourcecode.swift; path = AuthService.swift; sourceTree = "<group>"; };
		8EC6D3CDD8D494434163F367 /* ChatView.swift */ = {isa = PBXFileReference; lastKnownFileType = sourcecode.swift; path = ChatView.swift; sourceTree = "<group>"; };
		913628273C6F97712E4D4A16 /* ContactProfileView.swift */ = {isa = PBXFileReference; lastKnownFileType = sourcecode.swift; path = ContactProfileView.swift; sourceTree = "<group>"; };
		91CFF53EE68F243CCBA718EA /* Errors.swift */ = {isa = PBXFileReference; lastKnownFileType = sourcecode.swift; path = Errors.swift; sourceTree = "<group>"; };
		95F395710803E4D290B1B443 /* User.swift */ = {isa = PBXFileReference; lastKnownFileType = sourcecode.swift; path = User.swift; sourceTree = "<group>"; };
		9C652DDDA3A343C9A3387381 /* Constants.swift */ = {isa = PBXFileReference; lastKnownFileType = sourcecode.swift; path = Constants.swift; sourceTree = "<group>"; };
		A780635AD5C6CA3786637510 /* AttachmentService.swift */ = {isa = PBXFileReference; lastKnownFileType = sourcecode.swift; path = AttachmentService.swift; sourceTree = "<group>"; };
		AAE3DC744882E5F3C0315653 /* LocationService.swift */ = {isa = PBXFileReference; lastKnownFileType = sourcecode.swift; path = LocationService.swift; sourceTree = "<group>"; };
		AB09CA68D33A6B1E9C0B824B /* GroupListView.swift */ = {isa = PBXFileReference; lastKnownFileType = sourcecode.swift; path = GroupListView.swift; sourceTree = "<group>"; };
		B29579D72B309997045683E5 /* CallKitManager.swift */ = {isa = PBXFileReference; lastKnownFileType = sourcecode.swift; path = CallKitManager.swift; sourceTree = "<group>"; };
		B595D834E8FF0A68FABF1BB0 /* Group.swift */ = {isa = PBXFileReference; lastKnownFileType = sourcecode.swift; path = Group.swift; sourceTree = "<group>"; };
		C4F2608408CA5CE0D680F371 /* Whisper2App.swift */ = {isa = PBXFileReference; lastKnownFileType = sourcecode.swift; path = Whisper2App.swift; sourceTree = "<group>"; };
		C5DC3759496B09ED1EC1B883 /* MessageBubble.swift */ = {isa = PBXFileReference; lastKnownFileType = sourcecode.swift; path = MessageBubble.swift; sourceTree = "<group>"; };
		CE558ACA8199722ACC52FD37 /* Extensions.swift */ = {isa = PBXFileReference; lastKnownFileType = sourcecode.swift; path = Extensions.swift; sourceTree = "<group>"; };
		D06BED542A541218BFD3B618 /* Pods-Whisper2.debug.xcconfig */ = {isa = PBXFileReference; includeInIndex = 1; lastKnownFileType = text.xcconfig; name = "Pods-Whisper2.debug.xcconfig"; path = "Target Support Files/Pods-Whisper2/Pods-Whisper2.debug.xcconfig"; sourceTree = "<group>"; };
		DA0ACF234FB778586AEA9F27 /* Pods-Whisper2.release.xcconfig */ = {isa = PBXFileReference; includeInIndex = 1; lastKnownFileType = text.xcconfig; name = "Pods-Whisper2.release.xcconfig"; path = "Target Support Files/Pods-Whisper2/Pods-Whisper2.release.xcconfig"; sourceTree = "<group>"; };
		DD6B8F43E770C99662762710 /* Assets.xcassets */ = {isa = PBXFileReference; lastKnownFileType = folder.assetcatalog; path = Assets.xcassets; sourceTree = "<group>"; };
		DE9C1A0A473F72EDA0A95262 /* ProfileView.swift */ = {isa = PBXFileReference; lastKnownFileType = sourcecode.swift; path = ProfileView.swift; sourceTree = "<group>"; };
		DF813C2E1D93FF6B34CF603F /* ChatsViewModel.swift */ = {isa = PBXFileReference; lastKnownFileType = sourcecode.swift; path = ChatsViewModel.swift; sourceTree = "<group>"; };
		E32006E53B81148892476750 /* AppCoordinator.swift */ = {isa = PBXFileReference; lastKnownFileType = sourcecode.swift; path = AppCoordinator.swift; sourceTree = "<group>"; };
		E5A1E1F9E116977A40C50ACD /* ChatViewModel.swift */ = {isa = PBXFileReference; lastKnownFileType = sourcecode.swift; path = ChatViewModel.swift; sourceTree = "<group>"; };
		E95E1C39B13171E163169C3C /* RecoverAccountView.swift */ = {isa = PBXFileReference; lastKnownFileType = sourcecode.swift; path = RecoverAccountView.swift; sourceTree = "<group>"; };
		F5D60A4E6445EC48C5FB287D /* CreateAccountView.swift */ = {isa = PBXFileReference; lastKnownFileType = sourcecode.swift; path = CreateAccountView.swift; sourceTree = "<group>"; };
		F65C4FD538665068C7537900 /* WebSocketService.swift */ = {isa = PBXFileReference; lastKnownFileType = sourcecode.swift; path = WebSocketService.swift; sourceTree = "<group>"; };
		F72812296906C23775F15335 /* CryptoService.swift */ = {isa = PBXFileReference; lastKnownFileType = sourcecode.swift; path = CryptoService.swift; sourceTree = "<group>"; };
		CHATTHEME12345678901234 /* ChatTheme.swift */ = {isa = PBXFileReference; lastKnownFileType = sourcecode.swift; path = ChatTheme.swift; sourceTree = "<group>"; };
		CHATTHEMEPICKER123456789 /* ChatThemePickerView.swift */ = {isa = PBXFileReference; lastKnownFileType = sourcecode.swift; path = ChatThemePickerView.swift; sourceTree = "<group>"; };
/* End PBXFileReference section */

/* Begin PBXFrameworksBuildPhase section */
		94C5D4DA134553BE8E215ABE /* Frameworks */ = {
			isa = PBXFrameworksBuildPhase;
			buildActionMask = 2147483647;
			files = (
				754660E3B2779C64619D3749 /* Pods_Whisper2.framework in Frameworks */,
			);
			runOnlyForDeploymentPostprocessing = 0;
		};
/* End PBXFrameworksBuildPhase section */

/* Begin PBXGroup section */
		0159227BFB748C095C89C5E8 /* Services */ = {
			isa = PBXGroup;
			children = (
				A780635AD5C6CA3786637510 /* AttachmentService.swift */,
				807A87F87EBAFFC25FBB25AB /* AudioMessageService.swift */,
				8E726641F6F72BE366C875C5 /* AuthService.swift */,
				B29579D72B309997045683E5 /* CallKitManager.swift */,
				7975B76D3788564E0E3976FA /* CallService.swift */,
				2958CE1BA04B7BED31E6BD54 /* ContactsService.swift */,
				592A6478AACDE5B6048459F1 /* GroupService.swift */,
				4F237BB66ABF70052E01BF04 /* KeychainService.swift */,
				AAE3DC744882E5F3C0315653 /* LocationService.swift */,
				AVATARSERVICEREF1234567 /* AvatarService.swift */,
				8AD2F50A4E7C8E4ED9D66E9D /* MessagingService.swift */,
				1A44EFB5660D08CD9701DFB1 /* PushNotificationService.swift */,
				51F7A110626980AEE8B54904 /* RingbackTonePlayer.swift */,
				F65C4FD538665068C7537900 /* WebSocketService.swift */,
			);
			path = Services;
			sourceTree = "<group>";
		};
		1BD1095ED536BC4A23A20BB3 /* Call */ = {
			isa = PBXGroup;
			children = (
				9B0C1D2E3F4567890AUDIOVIEW /* AudioCallView.swift */,
				7E3374156DB9B27B4FBD34D9 /* OutgoingCallView.swift */,
				D13AC206B5444E7B9CF5FE5D /* VideoCallView.swift */,
			);
			path = Call;
			sourceTree = "<group>";
		};
		23527972A044A600B4B943FC /* Components */ = {
			isa = PBXGroup;
			children = (
				68D37B780FC446CF8D51C0E9 /* AttachmentView.swift */,
				0C9C79B5DDBC8DD49F0E3EE0 /* AudioMessageView.swift */,
				14711286FDD8D1EF872492D9 /* ChatRow.swift */,
				309ED0240A34B7F30F68BFDA /* ContactRow.swift */,
				0DA740433B1688D91B8F0201 /* LocationView.swift */,
				C5DC3759496B09ED1EC1B883 /* MessageBubble.swift */,
				3756A19C09A240E0202DE8A4 /* MessageInputBar.swift */,
			);
			path = Components;
			sourceTree = "<group>";
		};
		313E50F77DFDE03D666E8885 /* Protocol */ = {
			isa = PBXGroup;
			children = (
				118EC344D102A573BA00A21C /* MessageTypes.swift */,
				55BBF28F6D79C89D3C2A321E /* ProtocolTypes.swift */,
				3FEE6B01AB5FDC3E3F51533A /* WsFrame.swift */,
			);
			path = Protocol;
			sourceTree = "<group>";
		};
		3153039EBA13E3A38445F10F /* Core */ = {
			isa = PBXGroup;
			children = (
				9C652DDDA3A343C9A3387381 /* Constants.swift */,
				91CFF53EE68F243CCBA718EA /* Errors.swift */,
				CE558ACA8199722ACC52FD37 /* Extensions.swift */,
			);
			path = Core;
			sourceTree = "<group>";
		};
		393D001C07A4CE3D1BE7ED93 /* Main */ = {
			isa = PBXGroup;
			children = (
				1B947D2B38A69A845434C32C /* AddContactView.swift */,
				835FFCAC544DA1C9FBF0223F /* ChatsListView.swift */,
				CHATTHEMEPICKER123456789 /* ChatThemePickerView.swift */,
				8EC6D3CDD8D494434163F367 /* ChatView.swift */,
				913628273C6F97712E4D4A16 /* ContactProfileView.swift */,
				78DC4915E0A686295312943B /* ContactsListView.swift */,
				0F19984AE23212340B9D8752 /* MainTabView.swift */,
				4BD2DE13ABE5949A07D2857B /* MessageRequestsView.swift */,
			);
			path = Main;
			sourceTree = "<group>";
		};
		3B6A4B920FB9597B204A6664 /* Products */ = {
			isa = PBXGroup;
			children = (
				47F6B0C82EB01A062AA59E23 /* Whisper2.app */,
			);
			name = Products;
			sourceTree = "<group>";
		};
		3D6D6C78535A3FD1108591B8 /* Settings */ = {
			isa = PBXGroup;
			children = (
				BLOCKEDUSERSVW123456789 /* BlockedUsersView.swift */,
				DE9C1A0A473F72EDA0A95262 /* ProfileView.swift */,
				68424DE7EBED910C2747F82E /* SettingsView.swift */,
			);
			path = Settings;
			sourceTree = "<group>";
		};
		47991160A237B9B992A5832B /* Views */ = {
			isa = PBXGroup;
			children = (
				C48F2327FC58CF1642F246BF /* Auth */,
				1BD1095ED536BC4A23A20BB3 /* Call */,
				23527972A044A600B4B943FC /* Components */,
				9BFCD991A685851629395561 /* Group */,
				393D001C07A4CE3D1BE7ED93 /* Main */,
				3D6D6C78535A3FD1108591B8 /* Settings */,
			);
			path = Views;
			sourceTree = "<group>";
		};
		4997B315EAD7F7A687C9BFA3 = {
			isa = PBXGroup;
			children = (
				DD6B8F43E770C99662762710 /* Assets.xcassets */,
				79F5A2E74F4DD31E1B016EBF /* App */,
				3153039EBA13E3A38445F10F /* Core */,
				87A31150D5173B6AC0AB4F30 /* Crypto */,
				C69DE3C9374E33C94B841799 /* Models */,
				313E50F77DFDE03D666E8885 /* Protocol */,
				0159227BFB748C095C89C5E8 /* Services */,
				E86AFB3E55A10FF3E2464A38 /* ViewModels */,
				47991160A237B9B992A5832B /* Views */,
				3B6A4B920FB9597B204A6664 /* Products */,
				9EB634293D10C1C24A69FDFD /* Pods */,
				7830EE6C416C7EDC26DD9CF7 /* Frameworks */,
			);
			sourceTree = "<group>";
		};
		7830EE6C416C7EDC26DD9CF7 /* Frameworks */ = {
			isa = PBXGroup;
			children = (
				7D1465C1A1F4CF63BA26F550 /* Pods_Whisper2.framework */,
			);
			name = Frameworks;
			sourceTree = "<group>";
		};
		79F5A2E74F4DD31E1B016EBF /* App */ = {
			isa = PBXGroup;
			children = (
				E32006E53B81148892476750 /* AppCoordinator.swift */,
				2C17E44DB802D2B5FB585B61 /* ContentView.swift */,
				C4F2608408CA5CE0D680F371 /* Whisper2App.swift */,
			);
			path = App;
			sourceTree = "<group>";
		};
		87A31150D5173B6AC0AB4F30 /* Crypto */ = {
			isa = PBXGroup;
			children = (
				671F437DD0162C14B3CC028F /* BIP39WordList.swift */,
				F72812296906C23775F15335 /* CryptoService.swift */,
				4A8308EA090F09230C1D4CB5 /* KeyDerivation.swift */,
			);
			path = Crypto;
			sourceTree = "<group>";
		};
		9BFCD991A685851629395561 /* Group */ = {
			isa = PBXGroup;
			children = (
				15877D6FA5F146D8A29E2102 /* GroupChatView.swift */,
				AB09CA68D33A6B1E9C0B824B /* GroupListView.swift */,
			);
			path = Group;
			sourceTree = "<group>";
		};
		9EB634293D10C1C24A69FDFD /* Pods */ = {
			isa = PBXGroup;
			children = (
				D06BED542A541218BFD3B618 /* Pods-Whisper2.debug.xcconfig */,
				DA0ACF234FB778586AEA9F27 /* Pods-Whisper2.release.xcconfig */,
			);
			name = Pods;
			path = Pods;
			sourceTree = "<group>";
		};
		C48F2327FC58CF1642F246BF /* Auth */ = {
			isa = PBXGroup;
			children = (
				F5D60A4E6445EC48C5FB287D /* CreateAccountView.swift */,
				E95E1C39B13171E163169C3C /* RecoverAccountView.swift */,
				7295A933E7E5494F1B50DE0A /* SeedPhraseView.swift */,
				366F57F5E618B73A8DDF8416 /* WelcomeView.swift */,
			);
			path = Auth;
			sourceTree = "<group>";
		};
		C69DE3C9374E33C94B841799 /* Models */ = {
			isa = PBXGroup;
			children = (
				7B1E7A52019BE1DA7EFA8A61 /* CallHistory.swift */,
				CHATTHEME12345678901234 /* ChatTheme.swift */,
				1C043E02CB8D20206D40CD67 /* Contact.swift */,
				45366876C1ED1ADC483BBFB0 /* Conversation.swift */,
				B595D834E8FF0A68FABF1BB0 /* Group.swift */,
				46AF5BB628E816B22E1C03F0 /* Message.swift */,
				1C6B39CBF6BBC62D35112D7E /* MessageRequest.swift */,
				95F395710803E4D290B1B443 /* User.swift */,
			);
			path = Models;
			sourceTree = "<group>";
		};
		E86AFB3E55A10FF3E2464A38 /* ViewModels */ = {
			isa = PBXGroup;
			children = (
				3AE282D3AB36F3165A685729 /* AuthViewModel.swift */,
				DF813C2E1D93FF6B34CF603F /* ChatsViewModel.swift */,
				E5A1E1F9E116977A40C50ACD /* ChatViewModel.swift */,
				1D859D2B487F01661B47B810 /* ContactsViewModel.swift */,
				523BDE39599BEE44A3A1818C /* SettingsViewModel.swift */,
			);
			path = ViewModels;
			sourceTree = "<group>";
		};
/* End PBXGroup section */

/* Begin PBXNativeTarget section */
		F3A81ABB020BFA452E24DE66 /* Whisper2 */ = {
			isa = PBXNativeTarget;
			buildConfigurationList = 8F19CDA7D3C4D5401FAA683E /* Build configuration list for PBXNativeTarget "Whisper2" */;
			buildPhases = (
				D5A7CCF5A2D4AC1B96C8469D /* [CP] Check Pods Manifest.lock */,
				4E2A210072B1814D34262614 /* Increment Build Number */,
				C47DBCF44DF0698DFD62E863 /* Sources */,
				941BBF0C92D3D1B45F85EC46 /* Resources */,
				94C5D4DA134553BE8E215ABE /* Frameworks */,
				76EE28DE07E5BA839BE5C387 /* [CP] Embed Pods Frameworks */,
			);
			buildRules = (
			);
			dependencies = (
			);
			name = Whisper2;
			productName = Whisper2;
			productReference = 47F6B0C82EB01A062AA59E23 /* Whisper2.app */;
			productType = "com.apple.product-type.application";
		};
/* End PBXNativeTarget section */

/* Begin PBXProject section */
		0D49E1E705B69013CFBA3006 /* Project object */ = {
			isa = PBXProject;
			attributes = {
				BuildIndependentTargetsInParallel = YES;
				LastUpgradeCheck = 1500;
				TargetAttributes = {
					F3A81ABB020BFA452E24DE66 = {
						DevelopmentTeam = KX5N2U5RA2;
					};
				};
			};
			buildConfigurationList = FB5AAC4DA2D5D0416F512F2B /* Build configuration list for PBXProject "Whisper2" */;
			compatibilityVersion = "Xcode 14.0";
			developmentRegion = en;
			hasScannedForEncodings = 0;
			knownRegions = (
				Base,
				en,
			);
			mainGroup = 4997B315EAD7F7A687C9BFA3;
			minimizedProjectReferenceProxies = 1;
			preferredProjectObjectVersion = 77;
			productRefGroup = 3B6A4B920FB9597B204A6664 /* Products */;
			projectDirPath = "";
			projectRoot = "";
			targets = (
				F3A81ABB020BFA452E24DE66 /* Whisper2 */,
			);
		};
/* End PBXProject section */

/* Begin PBXResourcesBuildPhase section */
		941BBF0C92D3D1B45F85EC46 /* Resources */ = {
			isa = PBXResourcesBuildPhase;
			buildActionMask = 2147483647;
			files = (
				AA12E4584C09316B29EDE099 /* Assets.xcassets in Resources */,
			);
			runOnlyForDeploymentPostprocessing = 0;
		};
/* End PBXResourcesBuildPhase section */

/* Begin PBXShellScriptBuildPhase section */
		4E2A210072B1814D34262614 /* Increment Build Number */ = {
			isa = PBXShellScriptBuildPhase;
			buildActionMask = 2147483647;
			files = (
			);
			inputFileListPaths = (
			);
			inputPaths = (
			);
			name = "Increment Build Number";
			outputFileListPaths = (
			);
			outputPaths = (
			);
			runOnlyForDeploymentPostprocessing = 0;
			shellPath = /bin/sh;
			shellScript = "#!/bin/bash\nbuildNumber=$(/usr/libexec/PlistBuddy -c \"Print CFBundleVersion\" \"${PROJECT_DIR}/Info.plist\")\nbuildNumber=$(($buildNumber + 1))\n/usr/libexec/PlistBuddy -c \"Set :CFBundleVersion $buildNumber\" \"${PROJECT_DIR}/Info.plist\"\necho \"Build number incremented to $buildNumber\"\n";
			showEnvVarsInLog = 0;
		};
		76EE28DE07E5BA839BE5C387 /* [CP] Embed Pods Frameworks */ = {
			isa = PBXShellScriptBuildPhase;
			buildActionMask = 2147483647;
			files = (
			);
			inputFileListPaths = (
				"${PODS_ROOT}/Target Support Files/Pods-Whisper2/Pods-Whisper2-frameworks-${CONFIGURATION}-input-files.xcfilelist",
			);
			name = "[CP] Embed Pods Frameworks";
			outputFileListPaths = (
				"${PODS_ROOT}/Target Support Files/Pods-Whisper2/Pods-Whisper2-frameworks-${CONFIGURATION}-output-files.xcfilelist",
			);
			runOnlyForDeploymentPostprocessing = 0;
			shellPath = /bin/sh;
			shellScript = "\"${PODS_ROOT}/Target Support Files/Pods-Whisper2/Pods-Whisper2-frameworks.sh\"\n";
			showEnvVarsInLog = 0;
		};
		D5A7CCF5A2D4AC1B96C8469D /* [CP] Check Pods Manifest.lock */ = {
			isa = PBXShellScriptBuildPhase;
			buildActionMask = 2147483647;
			files = (
			);
			inputFileListPaths = (
			);
			inputPaths = (
				"${PODS_PODFILE_DIR_PATH}/Podfile.lock",
				"${PODS_ROOT}/Manifest.lock",
			);
			name = "[CP] Check Pods Manifest.lock";
			outputFileListPaths = (
			);
			outputPaths = (
				"$(DERIVED_FILE_DIR)/Pods-Whisper2-checkManifestLockResult.txt",
			);
			runOnlyForDeploymentPostprocessing = 0;
			shellPath = /bin/sh;
			shellScript = "diff \"${PODS_PODFILE_DIR_PATH}/Podfile.lock\" \"${PODS_ROOT}/Manifest.lock\" > /dev/null\nif [ $? != 0 ] ; then\n    # print error to STDERR\n    echo \"error: The sandbox is not in sync with the Podfile.lock. Run 'pod install' or update your CocoaPods installation.\" >&2\n    exit 1\nfi\n# This output is used by Xcode 'outputs' to avoid re-running this script phase.\necho \"SUCCESS\" > \"${SCRIPT_OUTPUT_FILE_0}\"\n";
			showEnvVarsInLog = 0;
		};
/* End PBXShellScriptBuildPhase section */

/* Begin PBXSourcesBuildPhase section */
		C47DBCF44DF0698DFD62E863 /* Sources */ = {
			isa = PBXSourcesBuildPhase;
			buildActionMask = 2147483647;
			files = (
				34CB94BD6FAF134A38BF28F4 /* AddContactView.swift in Sources */,
				DEC819E42D61D05A6CDE4B4E /* AppCoordinator.swift in Sources */,
				119B568B4473ED2FA72DE240 /* AttachmentService.swift in Sources */,
				77B519E095378257666D8841 /* AttachmentView.swift in Sources */,
				19BD7B24ECC8E3B070707906 /* AudioMessageService.swift in Sources */,
				79628769133A548DB0D8075F /* AudioMessageView.swift in Sources */,
				8A9B0C1D2E3F4567890ACALL /* AudioCallView.swift in Sources */,
				4345CA95B1C07469D92B6F41 /* AuthService.swift in Sources */,
				27B7DC335E8E6E2F1961D4F7 /* AuthViewModel.swift in Sources */,
				6AFD259DEF1E32D390D1D5E2 /* BIP39WordList.swift in Sources */,
				BLOCKEDUSERSVWBUILD1234 /* BlockedUsersView.swift in Sources */,
				81F0D4582FE5EBA546CB8D2B /* CallHistory.swift in Sources */,
				D1EFCBE6F6CC212F7E58CB41 /* CallKitManager.swift in Sources */,
				F3D9A514EE4F283030FA38D4 /* CallService.swift in Sources */,
				BAEA24B952380CEE05533FA9 /* ChatRow.swift in Sources */,
				CHATTHEMEBUILD12345678 /* ChatTheme.swift in Sources */,
				CHATTHEMEPICKERBUILD123 /* ChatThemePickerView.swift in Sources */,
				030855EDED5F6AD80E41DAAF /* ChatView.swift in Sources */,
				CFB2D31596A9D4B374D87037 /* ChatViewModel.swift in Sources */,
				8631D020691DBDECD5C4A65F /* ChatsListView.swift in Sources */,
				0158C94E7BA46528B0F6FD9C /* ChatsViewModel.swift in Sources */,
				3C4022F729B77961A73399A5 /* Constants.swift in Sources */,
				46F27140A4B59906816440AA /* Contact.swift in Sources */,
				42F313C7F90F195B868320B9 /* ContactProfileView.swift in Sources */,
				863388D70625559D88C11A84 /* ContactRow.swift in Sources */,
				93C75FCAACD07EA3DBA8B5D6 /* ContactsListView.swift in Sources */,
				3118C350201E9EF9FF13AF74 /* ContactsService.swift in Sources */,
				788FCA92D5AB5D43C0F0D4A6 /* ContactsViewModel.swift in Sources */,
				161C482C22513C7D9B82E015 /* ContentView.swift in Sources */,
				261A6AD70CDFD827DE8E652A /* Conversation.swift in Sources */,
				02BF112A3DA063972D6774F5 /* CreateAccountView.swift in Sources */,
				2A4306E00695713027EC9A20 /* CryptoService.swift in Sources */,
				6749A5CBEB7764862F9556B8 /* Errors.swift in Sources */,
				9283A42EA9FB175FEACEF660 /* Extensions.swift in Sources */,
				5557776237BEED2299E38455 /* Group.swift in Sources */,
				46C5F642B6FF36F42673C036 /* GroupChatView.swift in Sources */,
				08A2843857EAEA6C6F1F24DF /* GroupListView.swift in Sources */,
				0C70733F914D33353268026E /* GroupService.swift in Sources */,
				3AC631943C6826791FDB93BB /* KeyDerivation.swift in Sources */,
				C9CF818757DA2420DCD2B1B1 /* KeychainService.swift in Sources */,
				260B43A96A90D5F57E88E04C /* LocationService.swift in Sources */,
				AEB9DA6B6EE6DC2220BFF181 /* LocationView.swift in Sources */,
				8240398B67C10FE316B3B4A6 /* MainTabView.swift in Sources */,
				42CDEF29F3AAA1171AD31362 /* Message.swift in Sources */,
				ABDC4ED6D37C6958F71BE241 /* MessageBubble.swift in Sources */,
				B0194F678B324C1411633FAB /* MessageInputBar.swift in Sources */,
				2FBE2C3399BC8A408F7A5CB1 /* MessageRequest.swift in Sources */,
				0430A7BC88DCC0D9E8D6E06D /* MessageRequestsView.swift in Sources */,
				88D614AEB84C7CA199CB1F9F /* MessageTypes.swift in Sources */,
				AVATARSERVICEBUILD123456 /* AvatarService.swift in Sources */,
				60935D1A40FA6C8107053C4C /* MessagingService.swift in Sources */,
				3765942B26DEB637DCA94ECE /* OutgoingCallView.swift in Sources */,
				F9D9AA921B3346ADB9E6D417 /* VideoCallView.swift in Sources */,
				9406BC31213B2BC3700AA64A /* ProfileView.swift in Sources */,
				8CFE07FE84B42EBEC841E2E9 /* ProtocolTypes.swift in Sources */,
				640C434ABE9683DA26E2EF39 /* PushNotificationService.swift in Sources */,
				8EBFBB029F21535B56FD45F2 /* RecoverAccountView.swift in Sources */,
				6FD2886C042A269E7AFB9A5D /* RingbackTonePlayer.swift in Sources */,
				12F39A20EA3764CA6CE030BA /* SeedPhraseView.swift in Sources */,
				7BE8D74ECE2D1B14F25EF712 /* SettingsView.swift in Sources */,
				4DC896EAF55B731AC7AD0594 /* SettingsViewModel.swift in Sources */,
				9A6E047AA55C138DEB9241E2 /* User.swift in Sources */,
				1169E92A077607BC21FCCB3A /* WebSocketService.swift in Sources */,
				EB4391007218AB1BA066C044 /* WelcomeView.swift in Sources */,
				172457ADBA8BB9E7A938BEA3 /* Whisper2App.swift in Sources */,
				FAB279A57A07EFB3F9FCD08B /* WsFrame.swift in Sources */,
			);
			runOnlyForDeploymentPostprocessing = 0;
		};
/* End PBXSourcesBuildPhase section */

/* Begin XCBuildConfiguration section */
		46A5194750B0029A3D8EC313 /* Release */ = {
			isa = XCBuildConfiguration;
			buildSettings = {
				ALWAYS_SEARCH_USER_PATHS = NO;
				CLANG_ANALYZER_NONNULL = YES;
				CLANG_ANALYZER_NUMBER_OBJECT_CONVERSION = YES_AGGRESSIVE;
				CLANG_CXX_LANGUAGE_STANDARD = "gnu++14";
				CLANG_CXX_LIBRARY = "libc++";
				CLANG_ENABLE_MODULES = YES;
				CLANG_ENABLE_OBJC_ARC = YES;
				CLANG_ENABLE_OBJC_WEAK = YES;
				CLANG_WARN_BLOCK_CAPTURE_AUTORELEASING = YES;
				CLANG_WARN_BOOL_CONVERSION = YES;
				CLANG_WARN_COMMA = YES;
				CLANG_WARN_CONSTANT_CONVERSION = YES;
				CLANG_WARN_DEPRECATED_OBJC_IMPLEMENTATIONS = YES;
				CLANG_WARN_DIRECT_OBJC_ISA_USAGE = YES_ERROR;
				CLANG_WARN_DOCUMENTATION_COMMENTS = YES;
				CLANG_WARN_EMPTY_BODY = YES;
				CLANG_WARN_ENUM_CONVERSION = YES;
				CLANG_WARN_INFINITE_RECURSION = YES;
				CLANG_WARN_INT_CONVERSION = YES;
				CLANG_WARN_NON_LITERAL_NULL_CONVERSION = YES;
				CLANG_WARN_OBJC_IMPLICIT_RETAIN_SELF = YES;
				CLANG_WARN_OBJC_LITERAL_CONVERSION = YES;
				CLANG_WARN_OBJC_ROOT_CLASS = YES_ERROR;
				CLANG_WARN_QUOTED_INCLUDE_IN_FRAMEWORK_HEADER = YES;
				CLANG_WARN_RANGE_LOOP_ANALYSIS = YES;
				CLANG_WARN_STRICT_PROTOTYPES = YES;
				CLANG_WARN_SUSPICIOUS_MOVE = YES;
				CLANG_WARN_UNGUARDED_AVAILABILITY = YES_AGGRESSIVE;
				CLANG_WARN_UNREACHABLE_CODE = YES;
				CLANG_WARN__DUPLICATE_METHOD_MATCH = YES;
				COPY_PHASE_STRIP = NO;
				CURRENT_PROJECT_VERSION = 25;
				DEBUG_INFORMATION_FORMAT = "dwarf-with-dsym";
				DEVELOPMENT_TEAM = KX5N2U5RA2;
				ENABLE_NS_ASSERTIONS = NO;
				ENABLE_STRICT_OBJC_MSGSEND = YES;
				ENABLE_USER_SCRIPT_SANDBOXING = NO;
				GCC_C_LANGUAGE_STANDARD = gnu11;
				GCC_NO_COMMON_BLOCKS = YES;
				GCC_WARN_64_TO_32_BIT_CONVERSION = YES;
				GCC_WARN_ABOUT_RETURN_TYPE = YES_ERROR;
				GCC_WARN_UNDECLARED_SELECTOR = YES;
				GCC_WARN_UNINITIALIZED_AUTOS = YES_AGGRESSIVE;
				GCC_WARN_UNUSED_FUNCTION = YES;
				GCC_WARN_UNUSED_VARIABLE = YES;
				IPHONEOS_DEPLOYMENT_TARGET = 17.0;
				MARKETING_VERSION = 1.0;
				MTL_ENABLE_DEBUG_INFO = NO;
				MTL_FAST_MATH = YES;
				PRODUCT_NAME = "$(TARGET_NAME)";
				SDKROOT = iphoneos;
				SWIFT_COMPILATION_MODE = wholemodule;
				SWIFT_OPTIMIZATION_LEVEL = "-O";
				SWIFT_VERSION = 5.0;
			};
			name = Release;
		};
		5D5629163AB9E62912C662E4 /* Debug */ = {
			isa = XCBuildConfiguration;
			buildSettings = {
				ALWAYS_SEARCH_USER_PATHS = NO;
				CLANG_ANALYZER_NONNULL = YES;
				CLANG_ANALYZER_NUMBER_OBJECT_CONVERSION = YES_AGGRESSIVE;
				CLANG_CXX_LANGUAGE_STANDARD = "gnu++14";
				CLANG_CXX_LIBRARY = "libc++";
				CLANG_ENABLE_MODULES = YES;
				CLANG_ENABLE_OBJC_ARC = YES;
				CLANG_ENABLE_OBJC_WEAK = YES;
				CLANG_WARN_BLOCK_CAPTURE_AUTORELEASING = YES;
				CLANG_WARN_BOOL_CONVERSION = YES;
				CLANG_WARN_COMMA = YES;
				CLANG_WARN_CONSTANT_CONVERSION = YES;
				CLANG_WARN_DEPRECATED_OBJC_IMPLEMENTATIONS = YES;
				CLANG_WARN_DIRECT_OBJC_ISA_USAGE = YES_ERROR;
				CLANG_WARN_DOCUMENTATION_COMMENTS = YES;
				CLANG_WARN_EMPTY_BODY = YES;
				CLANG_WARN_ENUM_CONVERSION = YES;
				CLANG_WARN_INFINITE_RECURSION = YES;
				CLANG_WARN_INT_CONVERSION = YES;
				CLANG_WARN_NON_LITERAL_NULL_CONVERSION = YES;
				CLANG_WARN_OBJC_IMPLICIT_RETAIN_SELF = YES;
				CLANG_WARN_OBJC_LITERAL_CONVERSION = YES;
				CLANG_WARN_OBJC_ROOT_CLASS = YES_ERROR;
				CLANG_WARN_QUOTED_INCLUDE_IN_FRAMEWORK_HEADER = YES;
				CLANG_WARN_RANGE_LOOP_ANALYSIS = YES;
				CLANG_WARN_STRICT_PROTOTYPES = YES;
				CLANG_WARN_SUSPICIOUS_MOVE = YES;
				CLANG_WARN_UNGUARDED_AVAILABILITY = YES_AGGRESSIVE;
				CLANG_WARN_UNREACHABLE_CODE = YES;
				CLANG_WARN__DUPLICATE_METHOD_MATCH = YES;
				COPY_PHASE_STRIP = NO;
				CURRENT_PROJECT_VERSION = 25;
				DEBUG_INFORMATION_FORMAT = dwarf;
				DEVELOPMENT_TEAM = KX5N2U5RA2;
				ENABLE_STRICT_OBJC_MSGSEND = YES;
				ENABLE_TESTABILITY = YES;
				ENABLE_USER_SCRIPT_SANDBOXING = NO;
				GCC_C_LANGUAGE_STANDARD = gnu11;
				GCC_DYNAMIC_NO_PIC = NO;
				GCC_NO_COMMON_BLOCKS = YES;
				GCC_OPTIMIZATION_LEVEL = 0;
				GCC_PREPROCESSOR_DEFINITIONS = (
					"$(inherited)",
					"DEBUG=1",
				);
				GCC_WARN_64_TO_32_BIT_CONVERSION = YES;
				GCC_WARN_ABOUT_RETURN_TYPE = YES_ERROR;
				GCC_WARN_UNDECLARED_SELECTOR = YES;
				GCC_WARN_UNINITIALIZED_AUTOS = YES_AGGRESSIVE;
				GCC_WARN_UNUSED_FUNCTION = YES;
				GCC_WARN_UNUSED_VARIABLE = YES;
				IPHONEOS_DEPLOYMENT_TARGET = 17.0;
				MARKETING_VERSION = 1.0;
				MTL_ENABLE_DEBUG_INFO = INCLUDE_SOURCE;
				MTL_FAST_MATH = YES;
				ONLY_ACTIVE_ARCH = YES;
				PRODUCT_NAME = "$(TARGET_NAME)";
				SDKROOT = iphoneos;
				SWIFT_ACTIVE_COMPILATION_CONDITIONS = DEBUG;
				SWIFT_OPTIMIZATION_LEVEL = "-Onone";
				SWIFT_VERSION = 5.0;
			};
			name = Debug;
		};
		67FBB52C6B2EDE77A9F404AF /* Release */ = {
			isa = XCBuildConfiguration;
			baseConfigurationReference = DA0ACF234FB778586AEA9F27 /* Pods-Whisper2.release.xcconfig */;
			buildSettings = {
				ASSETCATALOG_COMPILER_APPICON_NAME = AppIcon;
				CODE_SIGN_ENTITLEMENTS = Whisper2.entitlements;
				CODE_SIGN_IDENTITY = "Apple Distribution";
				CODE_SIGN_STYLE = Manual;
				INFOPLIST_FILE = Info.plist;
				LD_RUNPATH_SEARCH_PATHS = (
					"$(inherited)",
					"@executable_path/Frameworks",
				);
				PRODUCT_BUNDLE_IDENTIFIER = com.aiakademiturkiye.whisper2;
				PROVISIONING_PROFILE_SPECIFIER = whisper2;
				SDKROOT = iphoneos;
				SKIP_INSTALL = NO;
				TARGETED_DEVICE_FAMILY = "1,2";
			};
			name = Release;
		};
		9A1FB7CB78D59C197743CA27 /* Debug */ = {
			isa = XCBuildConfiguration;
			baseConfigurationReference = D06BED542A541218BFD3B618 /* Pods-Whisper2.debug.xcconfig */;
			buildSettings = {
				ASSETCATALOG_COMPILER_APPICON_NAME = AppIcon;
				CODE_SIGN_ENTITLEMENTS = Whisper2.entitlements;
				CODE_SIGN_IDENTITY = "Apple Development";
				CODE_SIGN_STYLE = Automatic;
				INFOPLIST_FILE = Info.plist;
				LD_RUNPATH_SEARCH_PATHS = (
					"$(inherited)",
					"@executable_path/Frameworks",
				);
				PRODUCT_BUNDLE_IDENTIFIER = com.aiakademiturkiye.whisper2;
				SDKROOT = iphoneos;
				SKIP_INSTALL = NO;
				TARGETED_DEVICE_FAMILY = "1,2";
			};
			name = Debug;
		};
/* End XCBuildConfiguration section */

/* Begin XCConfigurationList section */
		8F19CDA7D3C4D5401FAA683E /* Build configuration list for PBXNativeTarget "Whisper2" */ = {
			isa = XCConfigurationList;
			buildConfigurations = (
				9A1FB7CB78D59C197743CA27 /* Debug */,
				67FBB52C6B2EDE77A9F404AF /* Release */,
			);
			defaultConfigurationIsVisible = 0;
			defaultConfigurationName = Debug;
		};
		FB5AAC4DA2D5D0416F512F2B /* Build configuration list for PBXProject "Whisper2" */ = {
			isa = XCConfigurationList;
			buildConfigurations = (
				5D5629163AB9E62912C662E4 /* Debug */,
				46A5194750B0029A3D8EC313 /* Release */,
			);
			defaultConfigurationIsVisible = 0;
			defaultConfigurationName = Debug;
		};
/* End XCConfigurationList section */
	};
	rootObject = 0D49E1E705B69013CFBA3006 /* Project object */;
}
